// !$*UTF8*$!
{
	archiveVersion = 1;
	classes = {
	};
	objectVersion = 56;
	objects = {

/* Begin PBXBuildFile section */
		639DA8AE2A80FB7900AFD13A /* AppDelegate.swift in Sources */ = {isa = PBXBuildFile; fileRef = 639DA8AD2A80FB7900AFD13A /* AppDelegate.swift */; };
		639DA8B02A80FB7900AFD13A /* SceneDelegate.swift in Sources */ = {isa = PBXBuildFile; fileRef = 639DA8AF2A80FB7900AFD13A /* SceneDelegate.swift */; };
		639DA8B22A80FB7900AFD13A /* FirstViewController.swift in Sources */ = {isa = PBXBuildFile; fileRef = 639DA8B12A80FB7900AFD13A /* FirstViewController.swift */; };
		639DA8B72A80FB7B00AFD13A /* Assets.xcassets in Resources */ = {isa = PBXBuildFile; fileRef = 639DA8B62A80FB7B00AFD13A /* Assets.xcassets */; };
		639DA8BA2A80FB7B00AFD13A /* LaunchScreen.storyboard in Resources */ = {isa = PBXBuildFile; fileRef = 639DA8B82A80FB7B00AFD13A /* LaunchScreen.storyboard */; };
		639DA8C52A80FB7B00AFD13A /* passGenTests.swift in Sources */ = {isa = PBXBuildFile; fileRef = 639DA8C42A80FB7B00AFD13A /* passGenTests.swift */; };
		639DA8CF2A80FB7B00AFD13A /* passGenUITests.swift in Sources */ = {isa = PBXBuildFile; fileRef = 639DA8CE2A80FB7B00AFD13A /* passGenUITests.swift */; };
		639DA8D12A80FB7B00AFD13A /* passGenUITestsLaunchTests.swift in Sources */ = {isa = PBXBuildFile; fileRef = 639DA8D02A80FB7B00AFD13A /* passGenUITestsLaunchTests.swift */; };
		639DA8DE2A81350200AFD13A /* Model.swift in Sources */ = {isa = PBXBuildFile; fileRef = 639DA8DD2A81350200AFD13A /* Model.swift */; };
		639DA8E02A813BD600AFD13A /* SecondViewController.swift in Sources */ = {isa = PBXBuildFile; fileRef = 639DA8DF2A813BD600AFD13A /* SecondViewController.swift */; };
		639DA8E22A825A5D00AFD13A /* ViewModel.swift in Sources */ = {isa = PBXBuildFile; fileRef = 639DA8E12A825A5D00AFD13A /* ViewModel.swift */; };
/* End PBXBuildFile section */

/* Begin PBXContainerItemProxy section */
		639DA8C12A80FB7B00AFD13A /* PBXContainerItemProxy */ = {
			isa = PBXContainerItemProxy;
			containerPortal = 639DA8A22A80FB7900AFD13A /* Project object */;
			proxyType = 1;
			remoteGlobalIDString = 639DA8A92A80FB7900AFD13A;
			remoteInfo = passGen;
		};
		639DA8CB2A80FB7B00AFD13A /* PBXContainerItemProxy */ = {
			isa = PBXContainerItemProxy;
			containerPortal = 639DA8A22A80FB7900AFD13A /* Project object */;
			proxyType = 1;
			remoteGlobalIDString = 639DA8A92A80FB7900AFD13A;
			remoteInfo = passGen;
		};
/* End PBXContainerItemProxy section */

/* Begin PBXFileReference section */
		639DA8AA2A80FB7900AFD13A /* passGen.app */ = {isa = PBXFileReference; explicitFileType = wrapper.application; includeInIndex = 0; path = passGen.app; sourceTree = BUILT_PRODUCTS_DIR; };
		639DA8AD2A80FB7900AFD13A /* AppDelegate.swift */ = {isa = PBXFileReference; lastKnownFileType = sourcecode.swift; path = AppDelegate.swift; sourceTree = "<group>"; };
		639DA8AF2A80FB7900AFD13A /* SceneDelegate.swift */ = {isa = PBXFileReference; lastKnownFileType = sourcecode.swift; path = SceneDelegate.swift; sourceTree = "<group>"; };
		639DA8B12A80FB7900AFD13A /* FirstViewController.swift */ = {isa = PBXFileReference; lastKnownFileType = sourcecode.swift; path = FirstViewController.swift; sourceTree = "<group>"; };
		639DA8B62A80FB7B00AFD13A /* Assets.xcassets */ = {isa = PBXFileReference; lastKnownFileType = folder.assetcatalog; path = Assets.xcassets; sourceTree = "<group>"; };
		639DA8B92A80FB7B00AFD13A /* Base */ = {isa = PBXFileReference; lastKnownFileType = file.storyboard; name = Base; path = Base.lproj/LaunchScreen.storyboard; sourceTree = "<group>"; };
		639DA8BB2A80FB7B00AFD13A /* Info.plist */ = {isa = PBXFileReference; lastKnownFileType = text.plist.xml; path = Info.plist; sourceTree = "<group>"; };
		639DA8C02A80FB7B00AFD13A /* passGenTests.xctest */ = {isa = PBXFileReference; explicitFileType = wrapper.cfbundle; includeInIndex = 0; path = passGenTests.xctest; sourceTree = BUILT_PRODUCTS_DIR; };
		639DA8C42A80FB7B00AFD13A /* passGenTests.swift */ = {isa = PBXFileReference; lastKnownFileType = sourcecode.swift; path = passGenTests.swift; sourceTree = "<group>"; };
		639DA8CA2A80FB7B00AFD13A /* passGenUITests.xctest */ = {isa = PBXFileReference; explicitFileType = wrapper.cfbundle; includeInIndex = 0; path = passGenUITests.xctest; sourceTree = BUILT_PRODUCTS_DIR; };
		639DA8CE2A80FB7B00AFD13A /* passGenUITests.swift */ = {isa = PBXFileReference; lastKnownFileType = sourcecode.swift; path = passGenUITests.swift; sourceTree = "<group>"; };
		639DA8D02A80FB7B00AFD13A /* passGenUITestsLaunchTests.swift */ = {isa = PBXFileReference; lastKnownFileType = sourcecode.swift; path = passGenUITestsLaunchTests.swift; sourceTree = "<group>"; };
		639DA8DD2A81350200AFD13A /* Model.swift */ = {isa = PBXFileReference; lastKnownFileType = sourcecode.swift; path = Model.swift; sourceTree = "<group>"; };
		639DA8DF2A813BD600AFD13A /* SecondViewController.swift */ = {isa = PBXFileReference; lastKnownFileType = sourcecode.swift; path = SecondViewController.swift; sourceTree = "<group>"; };
		639DA8E12A825A5D00AFD13A /* ViewModel.swift */ = {isa = PBXFileReference; lastKnownFileType = sourcecode.swift; path = ViewModel.swift; sourceTree = "<group>"; };
/* End PBXFileReference section */

/* Begin PBXFrameworksBuildPhase section */
		639DA8A72A80FB7900AFD13A /* Frameworks */ = {
			isa = PBXFrameworksBuildPhase;
			buildActionMask = 2147483647;
			files = (
			);
			runOnlyForDeploymentPostprocessing = 0;
		};
		639DA8BD2A80FB7B00AFD13A /* Frameworks */ = {
			isa = PBXFrameworksBuildPhase;
			buildActionMask = 2147483647;
			files = (
			);
			runOnlyForDeploymentPostprocessing = 0;
		};
		639DA8C72A80FB7B00AFD13A /* Frameworks */ = {
			isa = PBXFrameworksBuildPhase;
			buildActionMask = 2147483647;
			files = (
			);
			runOnlyForDeploymentPostprocessing = 0;
		};
/* End PBXFrameworksBuildPhase section */

/* Begin PBXGroup section */
		639DA8A12A80FB7900AFD13A = {
			isa = PBXGroup;
			children = (
				639DA8AC2A80FB7900AFD13A /* passGen */,
				639DA8C32A80FB7B00AFD13A /* passGenTests */,
				639DA8CD2A80FB7B00AFD13A /* passGenUITests */,
				639DA8AB2A80FB7900AFD13A /* Products */,
			);
			sourceTree = "<group>";
		};
		639DA8AB2A80FB7900AFD13A /* Products */ = {
			isa = PBXGroup;
			children = (
				639DA8AA2A80FB7900AFD13A /* passGen.app */,
				639DA8C02A80FB7B00AFD13A /* passGenTests.xctest */,
				639DA8CA2A80FB7B00AFD13A /* passGenUITests.xctest */,
			);
			name = Products;
			sourceTree = "<group>";
		};
		639DA8AC2A80FB7900AFD13A /* passGen */ = {
			isa = PBXGroup;
			children = (
				639DA8AD2A80FB7900AFD13A /* AppDelegate.swift */,
				639DA8AF2A80FB7900AFD13A /* SceneDelegate.swift */,
				639DA8B12A80FB7900AFD13A /* FirstViewController.swift */,
				639DA8DF2A813BD600AFD13A /* SecondViewController.swift */,
				639DA8DD2A81350200AFD13A /* Model.swift */,
				639DA8E12A825A5D00AFD13A /* ViewModel.swift */,
				639DA8B62A80FB7B00AFD13A /* Assets.xcassets */,
				639DA8B82A80FB7B00AFD13A /* LaunchScreen.storyboard */,
				639DA8BB2A80FB7B00AFD13A /* Info.plist */,
			);
			path = passGen;
			sourceTree = "<group>";
		};
		639DA8C32A80FB7B00AFD13A /* passGenTests */ = {
			isa = PBXGroup;
			children = (
				639DA8C42A80FB7B00AFD13A /* passGenTests.swift */,
			);
			path = passGenTests;
			sourceTree = "<group>";
		};
		639DA8CD2A80FB7B00AFD13A /* passGenUITests */ = {
			isa = PBXGroup;
			children = (
				639DA8CE2A80FB7B00AFD13A /* passGenUITests.swift */,
				639DA8D02A80FB7B00AFD13A /* passGenUITestsLaunchTests.swift */,
			);
			path = passGenUITests;
			sourceTree = "<group>";
		};
/* End PBXGroup section */

/* Begin PBXNativeTarget section */
		639DA8A92A80FB7900AFD13A /* passGen */ = {
			isa = PBXNativeTarget;
			buildConfigurationList = 639DA8D42A80FB7B00AFD13A /* Build configuration list for PBXNativeTarget "passGen" */;
			buildPhases = (
				639DA8A62A80FB7900AFD13A /* Sources */,
				639DA8A72A80FB7900AFD13A /* Frameworks */,
				639DA8A82A80FB7900AFD13A /* Resources */,
			);
			buildRules = (
			);
			dependencies = (
			);
			name = passGen;
			productName = passGen;
			productReference = 639DA8AA2A80FB7900AFD13A /* passGen.app */;
			productType = "com.apple.product-type.application";
		};
		639DA8BF2A80FB7B00AFD13A /* passGenTests */ = {
			isa = PBXNativeTarget;
			buildConfigurationList = 639DA8D72A80FB7B00AFD13A /* Build configuration list for PBXNativeTarget "passGenTests" */;
			buildPhases = (
				639DA8BC2A80FB7B00AFD13A /* Sources */,
				639DA8BD2A80FB7B00AFD13A /* Frameworks */,
				639DA8BE2A80FB7B00AFD13A /* Resources */,
			);
			buildRules = (
			);
			dependencies = (
				639DA8C22A80FB7B00AFD13A /* PBXTargetDependency */,
			);
			name = passGenTests;
			productName = passGenTests;
			productReference = 639DA8C02A80FB7B00AFD13A /* passGenTests.xctest */;
			productType = "com.apple.product-type.bundle.unit-test";
		};
		639DA8C92A80FB7B00AFD13A /* passGenUITests */ = {
			isa = PBXNativeTarget;
			buildConfigurationList = 639DA8DA2A80FB7B00AFD13A /* Build configuration list for PBXNativeTarget "passGenUITests" */;
			buildPhases = (
				639DA8C62A80FB7B00AFD13A /* Sources */,
				639DA8C72A80FB7B00AFD13A /* Frameworks */,
				639DA8C82A80FB7B00AFD13A /* Resources */,
			);
			buildRules = (
			);
			dependencies = (
				639DA8CC2A80FB7B00AFD13A /* PBXTargetDependency */,
			);
			name = passGenUITests;
			productName = passGenUITests;
			productReference = 639DA8CA2A80FB7B00AFD13A /* passGenUITests.xctest */;
			productType = "com.apple.product-type.bundle.ui-testing";
		};
/* End PBXNativeTarget section */

/* Begin PBXProject section */
		639DA8A22A80FB7900AFD13A /* Project object */ = {
			isa = PBXProject;
			attributes = {
				BuildIndependentTargetsInParallel = 1;
				LastSwiftUpdateCheck = 1430;
				LastUpgradeCheck = 1430;
				TargetAttributes = {
					639DA8A92A80FB7900AFD13A = {
						CreatedOnToolsVersion = 14.3.1;
					};
					639DA8BF2A80FB7B00AFD13A = {
						CreatedOnToolsVersion = 14.3.1;
						TestTargetID = 639DA8A92A80FB7900AFD13A;
					};
					639DA8C92A80FB7B00AFD13A = {
						CreatedOnToolsVersion = 14.3.1;
						TestTargetID = 639DA8A92A80FB7900AFD13A;
					};
				};
			};
			buildConfigurationList = 639DA8A52A80FB7900AFD13A /* Build configuration list for PBXProject "passGen" */;
			compatibilityVersion = "Xcode 14.0";
			developmentRegion = en;
			hasScannedForEncodings = 0;
			knownRegions = (
				en,
				Base,
			);
			mainGroup = 639DA8A12A80FB7900AFD13A;
			productRefGroup = 639DA8AB2A80FB7900AFD13A /* Products */;
			projectDirPath = "";
			projectRoot = "";
			targets = (
				639DA8A92A80FB7900AFD13A /* passGen */,
				639DA8BF2A80FB7B00AFD13A /* passGenTests */,
				639DA8C92A80FB7B00AFD13A /* passGenUITests */,
			);
		};
/* End PBXProject section */

/* Begin PBXResourcesBuildPhase section */
		639DA8A82A80FB7900AFD13A /* Resources */ = {
			isa = PBXResourcesBuildPhase;
			buildActionMask = 2147483647;
			files = (
				639DA8BA2A80FB7B00AFD13A /* LaunchScreen.storyboard in Resources */,
				639DA8B72A80FB7B00AFD13A /* Assets.xcassets in Resources */,
			);
			runOnlyForDeploymentPostprocessing = 0;
		};
		639DA8BE2A80FB7B00AFD13A /* Resources */ = {
			isa = PBXResourcesBuildPhase;
			buildActionMask = 2147483647;
			files = (
			);
			runOnlyForDeploymentPostprocessing = 0;
		};
		639DA8C82A80FB7B00AFD13A /* Resources */ = {
			isa = PBXResourcesBuildPhase;
			buildActionMask = 2147483647;
			files = (
			);
			runOnlyForDeploymentPostprocessing = 0;
		};
/* End PBXResourcesBuildPhase section */

/* Begin PBXSourcesBuildPhase section */
		639DA8A62A80FB7900AFD13A /* Sources */ = {
			isa = PBXSourcesBuildPhase;
			buildActionMask = 2147483647;
			files = (
				639DA8B22A80FB7900AFD13A /* FirstViewController.swift in Sources */,
				639DA8AE2A80FB7900AFD13A /* AppDelegate.swift in Sources */,
				639DA8B02A80FB7900AFD13A /* SceneDelegate.swift in Sources */,
				639DA8E02A813BD600AFD13A /* SecondViewController.swift in Sources */,
				639DA8E22A825A5D00AFD13A /* ViewModel.swift in Sources */,
				639DA8DE2A81350200AFD13A /* Model.swift in Sources */,
			);
			runOnlyForDeploymentPostprocessing = 0;
		};
		639DA8BC2A80FB7B00AFD13A /* Sources */ = {
			isa = PBXSourcesBuildPhase;
			buildActionMask = 2147483647;
			files = (
				639DA8C52A80FB7B00AFD13A /* passGenTests.swift in Sources */,
			);
			runOnlyForDeploymentPostprocessing = 0;
		};
		639DA8C62A80FB7B00AFD13A /* Sources */ = {
			isa = PBXSourcesBuildPhase;
			buildActionMask = 2147483647;
			files = (
				639DA8D12A80FB7B00AFD13A /* passGenUITestsLaunchTests.swift in Sources */,
				639DA8CF2A80FB7B00AFD13A /* passGenUITests.swift in Sources */,
			);
			runOnlyForDeploymentPostprocessing = 0;
		};
/* End PBXSourcesBuildPhase section */

/* Begin PBXTargetDependency section */
		639DA8C22A80FB7B00AFD13A /* PBXTargetDependency */ = {
			isa = PBXTargetDependency;
			target = 639DA8A92A80FB7900AFD13A /* passGen */;
			targetProxy = 639DA8C12A80FB7B00AFD13A /* PBXContainerItemProxy */;
		};
		639DA8CC2A80FB7B00AFD13A /* PBXTargetDependency */ = {
			isa = PBXTargetDependency;
			target = 639DA8A92A80FB7900AFD13A /* passGen */;
			targetProxy = 639DA8CB2A80FB7B00AFD13A /* PBXContainerItemProxy */;
		};
/* End PBXTargetDependency section */

/* Begin PBXVariantGroup section */
		639DA8B82A80FB7B00AFD13A /* LaunchScreen.storyboard */ = {
			isa = PBXVariantGroup;
			children = (
				639DA8B92A80FB7B00AFD13A /* Base */,
			);
			name = LaunchScreen.storyboard;
			sourceTree = "<group>";
		};
/* End PBXVariantGroup section */

/* Begin XCBuildConfiguration section */
		639DA8D22A80FB7B00AFD13A /* Debug */ = {
			isa = XCBuildConfiguration;
			buildSettings = {
				ALWAYS_SEARCH_USER_PATHS = NO;
				CLANG_ANALYZER_NONNULL = YES;
				CLANG_ANALYZER_NUMBER_OBJECT_CONVERSION = YES_AGGRESSIVE;
				CLANG_CXX_LANGUAGE_STANDARD = "gnu++20";
				CLANG_ENABLE_MODULES = YES;
				CLANG_ENABLE_OBJC_ARC = YES;
				CLANG_ENABLE_OBJC_WEAK = YES;
				CLANG_WARN_BLOCK_CAPTURE_AUTORELEASING = YES;
				CLANG_WARN_BOOL_CONVERSION = YES;
				CLANG_WARN_COMMA = YES;
				CLANG_WARN_CONSTANT_CONVERSION = YES;
				CLANG_WARN_DEPRECATED_OBJC_IMPLEMENTATIONS = YES;
				CLANG_WARN_DIRECT_OBJC_ISA_USAGE = YES_ERROR;
				CLANG_WARN_DOCUMENTATION_COMMENTS = YES;
				CLANG_WARN_EMPTY_BODY = YES;
				CLANG_WARN_ENUM_CONVERSION = YES;
				CLANG_WARN_INFINITE_RECURSION = YES;
				CLANG_WARN_INT_CONVERSION = YES;
				CLANG_WARN_NON_LITERAL_NULL_CONVERSION = YES;
				CLANG_WARN_OBJC_IMPLICIT_RETAIN_SELF = YES;
				CLANG_WARN_OBJC_LITERAL_CONVERSION = YES;
				CLANG_WARN_OBJC_ROOT_CLASS = YES_ERROR;
				CLANG_WARN_QUOTED_INCLUDE_IN_FRAMEWORK_HEADER = YES;
				CLANG_WARN_RANGE_LOOP_ANALYSIS = YES;
				CLANG_WARN_STRICT_PROTOTYPES = YES;
				CLANG_WARN_SUSPICIOUS_MOVE = YES;
				CLANG_WARN_UNGUARDED_AVAILABILITY = YES_AGGRESSIVE;
				CLANG_WARN_UNREACHABLE_CODE = YES;
				CLANG_WARN__DUPLICATE_METHOD_MATCH = YES;
				COPY_PHASE_STRIP = NO;
				DEBUG_INFORMATION_FORMAT = dwarf;
				ENABLE_STRICT_OBJC_MSGSEND = YES;
				ENABLE_TESTABILITY = YES;
				GCC_C_LANGUAGE_STANDARD = gnu11;
				GCC_DYNAMIC_NO_PIC = NO;
				GCC_NO_COMMON_BLOCKS = YES;
				GCC_OPTIMIZATION_LEVEL = 0;
				GCC_PREPROCESSOR_DEFINITIONS = (
					"DEBUG=1",
					"$(inherited)",
				);
				GCC_WARN_64_TO_32_BIT_CONVERSION = YES;
				GCC_WARN_ABOUT_RETURN_TYPE = YES_ERROR;
				GCC_WARN_UNDECLARED_SELECTOR = YES;
				GCC_WARN_UNINITIALIZED_AUTOS = YES_AGGRESSIVE;
				GCC_WARN_UNUSED_FUNCTION = YES;
				GCC_WARN_UNUSED_VARIABLE = YES;
				IPHONEOS_DEPLOYMENT_TARGET = 16.4;
				MTL_ENABLE_DEBUG_INFO = INCLUDE_SOURCE;
				MTL_FAST_MATH = YES;
				ONLY_ACTIVE_ARCH = YES;
				SDKROOT = iphoneos;
				SWIFT_ACTIVE_COMPILATION_CONDITIONS = DEBUG;
				SWIFT_OPTIMIZATION_LEVEL = "-Onone";
			};
			name = Debug;
		};
		639DA8D32A80FB7B00AFD13A /* Release */ = {
			isa = XCBuildConfiguration;
			buildSettings = {
				ALWAYS_SEARCH_USER_PATHS = NO;
				CLANG_ANALYZER_NONNULL = YES;
				CLANG_ANALYZER_NUMBER_OBJECT_CONVERSION = YES_AGGRESSIVE;
				CLANG_CXX_LANGUAGE_STANDARD = "gnu++20";
				CLANG_ENABLE_MODULES = YES;
				CLANG_ENABLE_OBJC_ARC = YES;
				CLANG_ENABLE_OBJC_WEAK = YES;
				CLANG_WARN_BLOCK_CAPTURE_AUTORELEASING = YES;
				CLANG_WARN_BOOL_CONVERSION = YES;
				CLANG_WARN_COMMA = YES;
				CLANG_WARN_CONSTANT_CONVERSION = YES;
				CLANG_WARN_DEPRECATED_OBJC_IMPLEMENTATIONS = YES;
				CLANG_WARN_DIRECT_OBJC_ISA_USAGE = YES_ERROR;
				CLANG_WARN_DOCUMENTATION_COMMENTS = YES;
				CLANG_WARN_EMPTY_BODY = YES;
				CLANG_WARN_ENUM_CONVERSION = YES;
				CLANG_WARN_INFINITE_RECURSION = YES;
				CLANG_WARN_INT_CONVERSION = YES;
				CLANG_WARN_NON_LITERAL_NULL_CONVERSION = YES;
				CLANG_WARN_OBJC_IMPLICIT_RETAIN_SELF = YES;
				CLANG_WARN_OBJC_LITERAL_CONVERSION = YES;
				CLANG_WARN_OBJC_ROOT_CLASS = YES_ERROR;
				CLANG_WARN_QUOTED_INCLUDE_IN_FRAMEWORK_HEADER = YES;
				CLANG_WARN_RANGE_LOOP_ANALYSIS = YES;
				CLANG_WARN_STRICT_PROTOTYPES = YES;
				CLANG_WARN_SUSPICIOUS_MOVE = YES;
				CLANG_WARN_UNGUARDED_AVAILABILITY = YES_AGGRESSIVE;
				CLANG_WARN_UNREACHABLE_CODE = YES;
				CLANG_WARN__DUPLICATE_METHOD_MATCH = YES;
				COPY_PHASE_STRIP = NO;
				DEBUG_INFORMATION_FORMAT = "dwarf-with-dsym";
				ENABLE_NS_ASSERTIONS = NO;
				ENABLE_STRICT_OBJC_MSGSEND = YES;
				GCC_C_LANGUAGE_STANDARD = gnu11;
				GCC_NO_COMMON_BLOCKS = YES;
				GCC_WARN_64_TO_32_BIT_CONVERSION = YES;
				GCC_WARN_ABOUT_RETURN_TYPE = YES_ERROR;
				GCC_WARN_UNDECLARED_SELECTOR = YES;
				GCC_WARN_UNINITIALIZED_AUTOS = YES_AGGRESSIVE;
				GCC_WARN_UNUSED_FUNCTION = YES;
				GCC_WARN_UNUSED_VARIABLE = YES;
				IPHONEOS_DEPLOYMENT_TARGET = 16.4;
				MTL_ENABLE_DEBUG_INFO = NO;
				MTL_FAST_MATH = YES;
				SDKROOT = iphoneos;
				SWIFT_COMPILATION_MODE = wholemodule;
				SWIFT_OPTIMIZATION_LEVEL = "-O";
				VALIDATE_PRODUCT = YES;
			};
			name = Release;
		};
		639DA8D52A80FB7B00AFD13A /* Debug */ = {
			isa = XCBuildConfiguration;
			buildSettings = {
				ASSETCATALOG_COMPILER_APPICON_NAME = AppIcon;
				ASSETCATALOG_COMPILER_GLOBAL_ACCENT_COLOR_NAME = AccentColor;
				CODE_SIGN_STYLE = Automatic;
				CURRENT_PROJECT_VERSION = 1;
				GENERATE_INFOPLIST_FILE = YES;
				INFOPLIST_FILE = passGen/Info.plist;
				INFOPLIST_KEY_UIApplicationSupportsIndirectInputEvents = YES;
				INFOPLIST_KEY_UILaunchStoryboardName = LaunchScreen;
				INFOPLIST_KEY_UISupportedInterfaceOrientations_iPad = "UIInterfaceOrientationPortrait UIInterfaceOrientationPortraitUpsideDown UIInterfaceOrientationLandscapeLeft UIInterfaceOrientationLandscapeRight";
				INFOPLIST_KEY_UISupportedInterfaceOrientations_iPhone = "UIInterfaceOrientationPortrait UIInterfaceOrientationLandscapeLeft UIInterfaceOrientationLandscapeRight";
				LD_RUNPATH_SEARCH_PATHS = (
					"$(inherited)",
					"@executable_path/Frameworks",
				);
				MARKETING_VERSION = 1.0;
				PRODUCT_BUNDLE_IDENTIFIER = justcode.passGen;
				PRODUCT_NAME = "$(TARGET_NAME)";
				SWIFT_EMIT_LOC_STRINGS = YES;
				SWIFT_VERSION = 5.0;
				TARGETED_DEVICE_FAMILY = "1,2";
			};
			name = Debug;
		};
		639DA8D62A80FB7B00AFD13A /* Release */ = {
			isa = XCBuildConfiguration;
			buildSettings = {
				ASSETCATALOG_COMPILER_APPICON_NAME = AppIcon;
				ASSETCATALOG_COMPILER_GLOBAL_ACCENT_COLOR_NAME = AccentColor;
				CODE_SIGN_STYLE = Automatic;
				CURRENT_PROJECT_VERSION = 1;
				GENERATE_INFOPLIST_FILE = YES;
				INFOPLIST_FILE = passGen/Info.plist;
				INFOPLIST_KEY_UIApplicationSupportsIndirectInputEvents = YES;
				INFOPLIST_KEY_UILaunchStoryboardName = LaunchScreen;
				INFOPLIST_KEY_UISupportedInterfaceOrientations_iPad = "UIInterfaceOrientationPortrait UIInterfaceOrientationPortraitUpsideDown UIInterfaceOrientationLandscapeLeft UIInterfaceOrientationLandscapeRight";
				INFOPLIST_KEY_UISupportedInterfaceOrientations_iPhone = "UIInterfaceOrientationPortrait UIInterfaceOrientationLandscapeLeft UIInterfaceOrientationLandscapeRight";
				LD_RUNPATH_SEARCH_PATHS = (
					"$(inherited)",
					"@executable_path/Frameworks",
				);
				MARKETING_VERSION = 1.0;
				PRODUCT_BUNDLE_IDENTIFIER = justcode.passGen;
				PRODUCT_NAME = "$(TARGET_NAME)";
				SWIFT_EMIT_LOC_STRINGS = YES;
				SWIFT_VERSION = 5.0;
				TARGETED_DEVICE_FAMILY = "1,2";
			};
			name = Release;
		};
		639DA8D82A80FB7B00AFD13A /* Debug */ = {
			isa = XCBuildConfiguration;
			buildSettings = {
				ALWAYS_EMBED_SWIFT_STANDARD_LIBRARIES = YES;
				BUNDLE_LOADER = "$(TEST_HOST)";
				CODE_SIGN_STYLE = Automatic;
				CURRENT_PROJECT_VERSION = 1;
				GENERATE_INFOPLIST_FILE = YES;
				IPHONEOS_DEPLOYMENT_TARGET = 16.4;
				MARKETING_VERSION = 1.0;
				PRODUCT_BUNDLE_IDENTIFIER = justcode.passGenTests;
				PRODUCT_NAME = "$(TARGET_NAME)";
				SWIFT_EMIT_LOC_STRINGS = NO;
				SWIFT_VERSION = 5.0;
				TARGETED_DEVICE_FAMILY = "1,2";
				TEST_HOST = "$(BUILT_PRODUCTS_DIR)/passGen.app/$(BUNDLE_EXECUTABLE_FOLDER_PATH)/passGen";
			};
			name = Debug;
		};
		639DA8D92A80FB7B00AFD13A /* Release */ = {
			isa = XCBuildConfiguration;
			buildSettings = {
				ALWAYS_EMBED_SWIFT_STANDARD_LIBRARIES = YES;
				BUNDLE_LOADER = "$(TEST_HOST)";
				CODE_SIGN_STYLE = Automatic;
				CURRENT_PROJECT_VERSION = 1;
				GENERATE_INFOPLIST_FILE = YES;
				IPHONEOS_DEPLOYMENT_TARGET = 16.4;
				MARKETING_VERSION = 1.0;
				PRODUCT_BUNDLE_IDENTIFIER = justcode.passGenTests;
				PRODUCT_NAME = "$(TARGET_NAME)";
				SWIFT_EMIT_LOC_STRINGS = NO;
				SWIFT_VERSION = 5.0;
				TARGETED_DEVICE_FAMILY = "1,2";
				TEST_HOST = "$(BUILT_PRODUCTS_DIR)/passGen.app/$(BUNDLE_EXECUTABLE_FOLDER_PATH)/passGen";
			};
			name = Release;
		};
		639DA8DB2A80FB7B00AFD13A /* Debug */ = {
			isa = XCBuildConfiguration;
			buildSettings = {
				ALWAYS_EMBED_SWIFT_STANDARD_LIBRARIES = YES;
				CODE_SIGN_STYLE = Automatic;
				CURRENT_PROJECT_VERSION = 1;
				GENERATE_INFOPLIST_FILE = YES;
				MARKETING_VERSION = 1.0;
				PRODUCT_BUNDLE_IDENTIFIER = justcode.passGenUITests;
				PRODUCT_NAME = "$(TARGET_NAME)";
				SWIFT_EMIT_LOC_STRINGS = NO;
				SWIFT_VERSION = 5.0;
				TARGETED_DEVICE_FAMILY = "1,2";
				TEST_TARGET_NAME = passGen;
			};
			name = Debug;
		};
		639DA8DC2A80FB7B00AFD13A /* Release */ = {
			isa = XCBuildConfiguration;
			buildSettings = {
				ALWAYS_EMBED_SWIFT_STANDARD_LIBRARIES = YES;
				CODE_SIGN_STYLE = Automatic;
				CURRENT_PROJECT_VERSION = 1;
				GENERATE_INFOPLIST_FILE = YES;
				MARKETING_VERSION = 1.0;
				PRODUCT_BUNDLE_IDENTIFIER = justcode.passGenUITests;
				PRODUCT_NAME = "$(TARGET_NAME)";
				SWIFT_EMIT_LOC_STRINGS = NO;
				SWIFT_VERSION = 5.0;
				TARGETED_DEVICE_FAMILY = "1,2";
				TEST_TARGET_NAME = passGen;
			};
			name = Release;
		};
/* End XCBuildConfiguration section */

/* Begin XCConfigurationList section */
		639DA8A52A80FB7900AFD13A /* Build configuration list for PBXProject "passGen" */ = {
			isa = XCConfigurationList;
			buildConfigurations = (
				639DA8D22A80FB7B00AFD13A /* Debug */,
				639DA8D32A80FB7B00AFD13A /* Release */,
			);
			defaultConfigurationIsVisible = 0;
			defaultConfigurationName = Release;
		};
		639DA8D42A80FB7B00AFD13A /* Build configuration list for PBXNativeTarget "passGen" */ = {
			isa = XCConfigurationList;
			buildConfigurations = (
				639DA8D52A80FB7B00AFD13A /* Debug */,
				639DA8D62A80FB7B00AFD13A /* Release */,
			);
			defaultConfigurationIsVisible = 0;
			defaultConfigurationName = Release;
		};
		639DA8D72A80FB7B00AFD13A /* Build configuration list for PBXNativeTarget "passGenTests" */ = {
			isa = XCConfigurationList;
			buildConfigurations = (
				639DA8D82A80FB7B00AFD13A /* Debug */,
				639DA8D92A80FB7B00AFD13A /* Release */,
			);
			defaultConfigurationIsVisible = 0;
			defaultConfigurationName = Release;
		};
		639DA8DA2A80FB7B00AFD13A /* Build configuration list for PBXNativeTarget "passGenUITests" */ = {
			isa = XCConfigurationList;
			buildConfigurations = (
				639DA8DB2A80FB7B00AFD13A /* Debug */,
				639DA8DC2A80FB7B00AFD13A /* Release */,
			);
			defaultConfigurationIsVisible = 0;
			defaultConfigurationName = Release;
		};
/* End XCConfigurationList section */
	};
	rootObject = 639DA8A22A80FB7900AFD13A /* Project object */;
}
